// !$*UTF8*$!
{
	archiveVersion = 1;
	classes = {
	};
	objectVersion = 55;
	objects = {

/* Begin PBXBuildFile section */
		3A9F12B626FF5A1600AAE303 /* SchallplatteApp.swift in Sources */ = {isa = PBXBuildFile; fileRef = 3A9F12A626FF5A1500AAE303 /* SchallplatteApp.swift */; };
		3A9F12B726FF5A1600AAE303 /* SchallplatteApp.swift in Sources */ = {isa = PBXBuildFile; fileRef = 3A9F12A626FF5A1500AAE303 /* SchallplatteApp.swift */; };
		3A9F12B826FF5A1600AAE303 /* ContentView.swift in Sources */ = {isa = PBXBuildFile; fileRef = 3A9F12A726FF5A1500AAE303 /* ContentView.swift */; };
		3A9F12B926FF5A1600AAE303 /* ContentView.swift in Sources */ = {isa = PBXBuildFile; fileRef = 3A9F12A726FF5A1500AAE303 /* ContentView.swift */; };
		3A9F12BA26FF5A1600AAE303 /* Assets.xcassets in Resources */ = {isa = PBXBuildFile; fileRef = 3A9F12A826FF5A1600AAE303 /* Assets.xcassets */; };
		3A9F12BB26FF5A1600AAE303 /* Assets.xcassets in Resources */ = {isa = PBXBuildFile; fileRef = 3A9F12A826FF5A1600AAE303 /* Assets.xcassets */; };
		3A9F12C526FF6B2100AAE303 /* SchallplatteGroove.swift in Sources */ = {isa = PBXBuildFile; fileRef = 3A9F12C426FF6B2100AAE303 /* SchallplatteGroove.swift */; };
		3A9F12C626FF6B2100AAE303 /* SchallplatteGroove.swift in Sources */ = {isa = PBXBuildFile; fileRef = 3A9F12C426FF6B2100AAE303 /* SchallplatteGroove.swift */; };
		3AA485EC2701063C0027E658 /* Schallplatte.swift in Sources */ = {isa = PBXBuildFile; fileRef = 3AA485EB2701063C0027E658 /* Schallplatte.swift */; };
		3AA485ED2701063C0027E658 /* Schallplatte.swift in Sources */ = {isa = PBXBuildFile; fileRef = 3AA485EB2701063C0027E658 /* Schallplatte.swift */; };
/* End PBXBuildFile section */

/* Begin PBXFileReference section */
		3A9F12A626FF5A1500AAE303 /* SchallplatteApp.swift */ = {isa = PBXFileReference; lastKnownFileType = sourcecode.swift; path = SchallplatteApp.swift; sourceTree = "<group>"; };
		3A9F12A726FF5A1500AAE303 /* ContentView.swift */ = {isa = PBXFileReference; lastKnownFileType = sourcecode.swift; path = ContentView.swift; sourceTree = "<group>"; };
		3A9F12A826FF5A1600AAE303 /* Assets.xcassets */ = {isa = PBXFileReference; lastKnownFileType = folder.assetcatalog; path = Assets.xcassets; sourceTree = "<group>"; };
		3A9F12AD26FF5A1600AAE303 /* Schallplatte.app */ = {isa = PBXFileReference; explicitFileType = wrapper.application; includeInIndex = 0; path = Schallplatte.app; sourceTree = BUILT_PRODUCTS_DIR; };
		3A9F12B326FF5A1600AAE303 /* Schallplatte.app */ = {isa = PBXFileReference; explicitFileType = wrapper.application; includeInIndex = 0; path = Schallplatte.app; sourceTree = BUILT_PRODUCTS_DIR; };
		3A9F12B526FF5A1600AAE303 /* macOS.entitlements */ = {isa = PBXFileReference; lastKnownFileType = text.plist.entitlements; path = macOS.entitlements; sourceTree = "<group>"; };
		3A9F12C426FF6B2100AAE303 /* SchallplatteGroove.swift */ = {isa = PBXFileReference; lastKnownFileType = sourcecode.swift; path = SchallplatteGroove.swift; sourceTree = "<group>"; };
		3AA485EB2701063C0027E658 /* Schallplatte.swift */ = {isa = PBXFileReference; lastKnownFileType = sourcecode.swift; path = Schallplatte.swift; sourceTree = "<group>"; };
/* End PBXFileReference section */

/* Begin PBXFrameworksBuildPhase section */
		3A9F12AA26FF5A1600AAE303 /* Frameworks */ = {
			isa = PBXFrameworksBuildPhase;
			buildActionMask = 2147483647;
			files = (
			);
			runOnlyForDeploymentPostprocessing = 0;
		};
		3A9F12B026FF5A1600AAE303 /* Frameworks */ = {
			isa = PBXFrameworksBuildPhase;
			buildActionMask = 2147483647;
			files = (
			);
			runOnlyForDeploymentPostprocessing = 0;
		};
/* End PBXFrameworksBuildPhase section */

/* Begin PBXGroup section */
		3A9F12A026FF5A1500AAE303 = {
			isa = PBXGroup;
			children = (
				3A9F12A526FF5A1500AAE303 /* Shared */,
				3A9F12B426FF5A1600AAE303 /* macOS */,
				3A9F12AE26FF5A1600AAE303 /* Products */,
			);
			sourceTree = "<group>";
		};
		3A9F12A526FF5A1500AAE303 /* Shared */ = {
			isa = PBXGroup;
			children = (
				3A9F12A626FF5A1500AAE303 /* SchallplatteApp.swift */,
				3A9F12A726FF5A1500AAE303 /* ContentView.swift */,
				3A9F12A826FF5A1600AAE303 /* Assets.xcassets */,
				3A9F12C426FF6B2100AAE303 /* SchallplatteGroove.swift */,
				3AA485EB2701063C0027E658 /* Schallplatte.swift */,
			);
			path = Shared;
			sourceTree = "<group>";
		};
		3A9F12AE26FF5A1600AAE303 /* Products */ = {
			isa = PBXGroup;
			children = (
				3A9F12AD26FF5A1600AAE303 /* Schallplatte.app */,
				3A9F12B326FF5A1600AAE303 /* Schallplatte.app */,
			);
			name = Products;
			sourceTree = "<group>";
		};
		3A9F12B426FF5A1600AAE303 /* macOS */ = {
			isa = PBXGroup;
			children = (
				3A9F12B526FF5A1600AAE303 /* macOS.entitlements */,
			);
			path = macOS;
			sourceTree = "<group>";
		};
/* End PBXGroup section */

/* Begin PBXNativeTarget section */
		3A9F12AC26FF5A1600AAE303 /* Schallplatte (iOS) */ = {
			isa = PBXNativeTarget;
			buildConfigurationList = 3A9F12BE26FF5A1600AAE303 /* Build configuration list for PBXNativeTarget "Schallplatte (iOS)" */;
			buildPhases = (
				3A9F12A926FF5A1600AAE303 /* Sources */,
				3A9F12AA26FF5A1600AAE303 /* Frameworks */,
				3A9F12AB26FF5A1600AAE303 /* Resources */,
			);
			buildRules = (
			);
			dependencies = (
			);
			name = "Schallplatte (iOS)";
			productName = "Schallplatte (iOS)";
			productReference = 3A9F12AD26FF5A1600AAE303 /* Schallplatte.app */;
			productType = "com.apple.product-type.application";
		};
		3A9F12B226FF5A1600AAE303 /* Schallplatte (macOS) */ = {
			isa = PBXNativeTarget;
			buildConfigurationList = 3A9F12C126FF5A1600AAE303 /* Build configuration list for PBXNativeTarget "Schallplatte (macOS)" */;
			buildPhases = (
				3A9F12AF26FF5A1600AAE303 /* Sources */,
				3A9F12B026FF5A1600AAE303 /* Frameworks */,
				3A9F12B126FF5A1600AAE303 /* Resources */,
			);
			buildRules = (
			);
			dependencies = (
			);
			name = "Schallplatte (macOS)";
			productName = "Schallplatte (macOS)";
			productReference = 3A9F12B326FF5A1600AAE303 /* Schallplatte.app */;
			productType = "com.apple.product-type.application";
		};
/* End PBXNativeTarget section */

/* Begin PBXProject section */
		3A9F12A126FF5A1500AAE303 /* Project object */ = {
			isa = PBXProject;
			attributes = {
				BuildIndependentTargetsInParallel = 1;
				LastSwiftUpdateCheck = 1300;
				LastUpgradeCheck = 1300;
				TargetAttributes = {
					3A9F12AC26FF5A1600AAE303 = {
						CreatedOnToolsVersion = 13.0;
					};
					3A9F12B226FF5A1600AAE303 = {
						CreatedOnToolsVersion = 13.0;
					};
				};
			};
			buildConfigurationList = 3A9F12A426FF5A1500AAE303 /* Build configuration list for PBXProject "Schallplatte" */;
			compatibilityVersion = "Xcode 13.0";
			developmentRegion = en;
			hasScannedForEncodings = 0;
			knownRegions = (
				en,
				Base,
			);
			mainGroup = 3A9F12A026FF5A1500AAE303;
			productRefGroup = 3A9F12AE26FF5A1600AAE303 /* Products */;
			projectDirPath = "";
			projectRoot = "";
			targets = (
				3A9F12AC26FF5A1600AAE303 /* Schallplatte (iOS) */,
				3A9F12B226FF5A1600AAE303 /* Schallplatte (macOS) */,
			);
		};
/* End PBXProject section */

/* Begin PBXResourcesBuildPhase section */
		3A9F12AB26FF5A1600AAE303 /* Resources */ = {
			isa = PBXResourcesBuildPhase;
			buildActionMask = 2147483647;
			files = (
				3A9F12BA26FF5A1600AAE303 /* Assets.xcassets in Resources */,
			);
			runOnlyForDeploymentPostprocessing = 0;
		};
		3A9F12B126FF5A1600AAE303 /* Resources */ = {
			isa = PBXResourcesBuildPhase;
			buildActionMask = 2147483647;
			files = (
				3A9F12BB26FF5A1600AAE303 /* Assets.xcassets in Resources */,
			);
			runOnlyForDeploymentPostprocessing = 0;
		};
/* End PBXResourcesBuildPhase section */

/* Begin PBXSourcesBuildPhase section */
		3A9F12A926FF5A1600AAE303 /* Sources */ = {
			isa = PBXSourcesBuildPhase;
			buildActionMask = 2147483647;
			files = (
				3A9F12B826FF5A1600AAE303 /* ContentView.swift in Sources */,
				3A9F12B626FF5A1600AAE303 /* SchallplatteApp.swift in Sources */,
				3AA485EC2701063C0027E658 /* Schallplatte.swift in Sources */,
				3A9F12C526FF6B2100AAE303 /* SchallplatteGroove.swift in Sources */,
			);
			runOnlyForDeploymentPostprocessing = 0;
		};
		3A9F12AF26FF5A1600AAE303 /* Sources */ = {
			isa = PBXSourcesBuildPhase;
			buildActionMask = 2147483647;
			files = (
				3A9F12B926FF5A1600AAE303 /* ContentView.swift in Sources */,
				3A9F12B726FF5A1600AAE303 /* SchallplatteApp.swift in Sources */,
				3AA485ED2701063C0027E658 /* Schallplatte.swift in Sources */,
				3A9F12C626FF6B2100AAE303 /* SchallplatteGroove.swift in Sources */,
			);
			runOnlyForDeploymentPostprocessing = 0;
		};
/* End PBXSourcesBuildPhase section */

/* Begin XCBuildConfiguration section */
		3A9F12BC26FF5A1600AAE303 /* Debug */ = {
			isa = XCBuildConfiguration;
			buildSettings = {
				ALWAYS_SEARCH_USER_PATHS = NO;
				CLANG_ANALYZER_NONNULL = YES;
				CLANG_ANALYZER_NUMBER_OBJECT_CONVERSION = YES_AGGRESSIVE;
				CLANG_CXX_LANGUAGE_STANDARD = "gnu++17";
				CLANG_CXX_LIBRARY = "libc++";
				CLANG_ENABLE_MODULES = YES;
				CLANG_ENABLE_OBJC_ARC = YES;
				CLANG_ENABLE_OBJC_WEAK = YES;
				CLANG_WARN_BLOCK_CAPTURE_AUTORELEASING = YES;
				CLANG_WARN_BOOL_CONVERSION = YES;
				CLANG_WARN_COMMA = YES;
				CLANG_WARN_CONSTANT_CONVERSION = YES;
				CLANG_WARN_DEPRECATED_OBJC_IMPLEMENTATIONS = YES;
				CLANG_WARN_DIRECT_OBJC_ISA_USAGE = YES_ERROR;
				CLANG_WARN_DOCUMENTATION_COMMENTS = YES;
				CLANG_WARN_EMPTY_BODY = YES;
				CLANG_WARN_ENUM_CONVERSION = YES;
				CLANG_WARN_INFINITE_RECURSION = YES;
				CLANG_WARN_INT_CONVERSION = YES;
				CLANG_WARN_NON_LITERAL_NULL_CONVERSION = YES;
				CLANG_WARN_OBJC_IMPLICIT_RETAIN_SELF = YES;
				CLANG_WARN_OBJC_LITERAL_CONVERSION = YES;
				CLANG_WARN_OBJC_ROOT_CLASS = YES_ERROR;
				CLANG_WARN_QUOTED_INCLUDE_IN_FRAMEWORK_HEADER = YES;
				CLANG_WARN_RANGE_LOOP_ANALYSIS = YES;
				CLANG_WARN_STRICT_PROTOTYPES = YES;
				CLANG_WARN_SUSPICIOUS_MOVE = YES;
				CLANG_WARN_UNGUARDED_AVAILABILITY = YES_AGGRESSIVE;
				CLANG_WARN_UNREACHABLE_CODE = YES;
				CLANG_WARN__DUPLICATE_METHOD_MATCH = YES;
				COPY_PHASE_STRIP = NO;
				DEBUG_INFORMATION_FORMAT = dwarf;
				ENABLE_STRICT_OBJC_MSGSEND = YES;
				ENABLE_TESTABILITY = YES;
				GCC_C_LANGUAGE_STANDARD = gnu11;
				GCC_DYNAMIC_NO_PIC = NO;
				GCC_NO_COMMON_BLOCKS = YES;
				GCC_OPTIMIZATION_LEVEL = 0;
				GCC_PREPROCESSOR_DEFINITIONS = (
					"DEBUG=1",
					"$(inherited)",
				);
				GCC_WARN_64_TO_32_BIT_CONVERSION = YES;
				GCC_WARN_ABOUT_RETURN_TYPE = YES_ERROR;
				GCC_WARN_UNDECLARED_SELECTOR = YES;
				GCC_WARN_UNINITIALIZED_AUTOS = YES_AGGRESSIVE;
				GCC_WARN_UNUSED_FUNCTION = YES;
				GCC_WARN_UNUSED_VARIABLE = YES;
				MTL_ENABLE_DEBUG_INFO = INCLUDE_SOURCE;
				MTL_FAST_MATH = YES;
				ONLY_ACTIVE_ARCH = YES;
				SWIFT_ACTIVE_COMPILATION_CONDITIONS = DEBUG;
				SWIFT_OPTIMIZATION_LEVEL = "-Onone";
			};
			name = Debug;
		};
		3A9F12BD26FF5A1600AAE303 /* Release */ = {
			isa = XCBuildConfiguration;
			buildSettings = {
				ALWAYS_SEARCH_USER_PATHS = NO;
				CLANG_ANALYZER_NONNULL = YES;
				CLANG_ANALYZER_NUMBER_OBJECT_CONVERSION = YES_AGGRESSIVE;
				CLANG_CXX_LANGUAGE_STANDARD = "gnu++17";
				CLANG_CXX_LIBRARY = "libc++";
				CLANG_ENABLE_MODULES = YES;
				CLANG_ENABLE_OBJC_ARC = YES;
				CLANG_ENABLE_OBJC_WEAK = YES;
				CLANG_WARN_BLOCK_CAPTURE_AUTORELEASING = YES;
				CLANG_WARN_BOOL_CONVERSION = YES;
				CLANG_WARN_COMMA = YES;
				CLANG_WARN_CONSTANT_CONVERSION = YES;
				CLANG_WARN_DEPRECATED_OBJC_IMPLEMENTATIONS = YES;
				CLANG_WARN_DIRECT_OBJC_ISA_USAGE = YES_ERROR;
				CLANG_WARN_DOCUMENTATION_COMMENTS = YES;
				CLANG_WARN_EMPTY_BODY = YES;
				CLANG_WARN_ENUM_CONVERSION = YES;
				CLANG_WARN_INFINITE_RECURSION = YES;
				CLANG_WARN_INT_CONVERSION = YES;
				CLANG_WARN_NON_LITERAL_NULL_CONVERSION = YES;
				CLANG_WARN_OBJC_IMPLICIT_RETAIN_SELF = YES;
				CLANG_WARN_OBJC_LITERAL_CONVERSION = YES;
				CLANG_WARN_OBJC_ROOT_CLASS = YES_ERROR;
				CLANG_WARN_QUOTED_INCLUDE_IN_FRAMEWORK_HEADER = YES;
				CLANG_WARN_RANGE_LOOP_ANALYSIS = YES;
				CLANG_WARN_STRICT_PROTOTYPES = YES;
				CLANG_WARN_SUSPICIOUS_MOVE = YES;
				CLANG_WARN_UNGUARDED_AVAILABILITY = YES_AGGRESSIVE;
				CLANG_WARN_UNREACHABLE_CODE = YES;
				CLANG_WARN__DUPLICATE_METHOD_MATCH = YES;
				COPY_PHASE_STRIP = NO;
				DEBUG_INFORMATION_FORMAT = "dwarf-with-dsym";
				ENABLE_NS_ASSERTIONS = NO;
				ENABLE_STRICT_OBJC_MSGSEND = YES;
				GCC_C_LANGUAGE_STANDARD = gnu11;
				GCC_NO_COMMON_BLOCKS = YES;
				GCC_WARN_64_TO_32_BIT_CONVERSION = YES;
				GCC_WARN_ABOUT_RETURN_TYPE = YES_ERROR;
				GCC_WARN_UNDECLARED_SELECTOR = YES;
				GCC_WARN_UNINITIALIZED_AUTOS = YES_AGGRESSIVE;
				GCC_WARN_UNUSED_FUNCTION = YES;
				GCC_WARN_UNUSED_VARIABLE = YES;
				MTL_ENABLE_DEBUG_INFO = NO;
				MTL_FAST_MATH = YES;
				SWIFT_COMPILATION_MODE = wholemodule;
				SWIFT_OPTIMIZATION_LEVEL = "-O";
			};
			name = Release;
		};
		3A9F12BF26FF5A1600AAE303 /* Debug */ = {
			isa = XCBuildConfiguration;
			buildSettings = {
				ASSETCATALOG_COMPILER_APPICON_NAME = AppIcon;
				ASSETCATALOG_COMPILER_GLOBAL_ACCENT_COLOR_NAME = AccentColor;
				CODE_SIGN_STYLE = Automatic;
				CURRENT_PROJECT_VERSION = 1;
				DEVELOPMENT_TEAM = KFBD39X553;
				ENABLE_PREVIEWS = YES;
				GENERATE_INFOPLIST_FILE = YES;
				INFOPLIST_KEY_UIApplicationSceneManifest_Generation = YES;
				INFOPLIST_KEY_UIApplicationSupportsIndirectInputEvents = YES;
				INFOPLIST_KEY_UILaunchScreen_Generation = YES;
				INFOPLIST_KEY_UISupportedInterfaceOrientations_iPad = "UIInterfaceOrientationPortrait UIInterfaceOrientationPortraitUpsideDown UIInterfaceOrientationLandscapeLeft UIInterfaceOrientationLandscapeRight";
				INFOPLIST_KEY_UISupportedInterfaceOrientations_iPhone = "UIInterfaceOrientationPortrait UIInterfaceOrientationLandscapeLeft UIInterfaceOrientationLandscapeRight";
				IPHONEOS_DEPLOYMENT_TARGET = 15.0;
				LD_RUNPATH_SEARCH_PATHS = (
					"$(inherited)",
					"@executable_path/Frameworks",
				);
				MARKETING_VERSION = 1.0;
				PRODUCT_BUNDLE_IDENTIFIER = net.tibatec.Schallplatte;
				PRODUCT_NAME = Schallplatte;
				SDKROOT = iphoneos;
				SWIFT_EMIT_LOC_STRINGS = YES;
				SWIFT_VERSION = 5.0;
				TARGETED_DEVICE_FAMILY = "1,2";
			};
			name = Debug;
		};
		3A9F12C026FF5A1600AAE303 /* Release */ = {
			isa = XCBuildConfiguration;
			buildSettings = {
				ASSETCATALOG_COMPILER_APPICON_NAME = AppIcon;
				ASSETCATALOG_COMPILER_GLOBAL_ACCENT_COLOR_NAME = AccentColor;
				CODE_SIGN_STYLE = Automatic;
				CURRENT_PROJECT_VERSION = 1;
				DEVELOPMENT_TEAM = KFBD39X553;
				ENABLE_PREVIEWS = YES;
				GENERATE_INFOPLIST_FILE = YES;
				INFOPLIST_KEY_UIApplicationSceneManifest_Generation = YES;
				INFOPLIST_KEY_UIApplicationSupportsIndirectInputEvents = YES;
				INFOPLIST_KEY_UILaunchScreen_Generation = YES;
				INFOPLIST_KEY_UISupportedInterfaceOrientations_iPad = "UIInterfaceOrientationPortrait UIInterfaceOrientationPortraitUpsideDown UIInterfaceOrientationLandscapeLeft UIInterfaceOrientationLandscapeRight";
				INFOPLIST_KEY_UISupportedInterfaceOrientations_iPhone = "UIInterfaceOrientationPortrait UIInterfaceOrientationLandscapeLeft UIInterfaceOrientationLandscapeRight";
				IPHONEOS_DEPLOYMENT_TARGET = 15.0;
				LD_RUNPATH_SEARCH_PATHS = (
					"$(inherited)",
					"@executable_path/Frameworks",
				);
				MARKETING_VERSION = 1.0;
				PRODUCT_BUNDLE_IDENTIFIER = net.tibatec.Schallplatte;
				PRODUCT_NAME = Schallplatte;
				SDKROOT = iphoneos;
				SWIFT_EMIT_LOC_STRINGS = YES;
				SWIFT_VERSION = 5.0;
				TARGETED_DEVICE_FAMILY = "1,2";
				VALIDATE_PRODUCT = YES;
			};
			name = Release;
		};
		3A9F12C226FF5A1600AAE303 /* Debug */ = {
			isa = XCBuildConfiguration;
			buildSettings = {
				ASSETCATALOG_COMPILER_APPICON_NAME = AppIcon;
				ASSETCATALOG_COMPILER_GLOBAL_ACCENT_COLOR_NAME = AccentColor;
				CODE_SIGN_ENTITLEMENTS = macOS/macOS.entitlements;
				CODE_SIGN_STYLE = Automatic;
				COMBINE_HIDPI_IMAGES = YES;
				CURRENT_PROJECT_VERSION = 1;
				DEVELOPMENT_TEAM = KFBD39X553;
				ENABLE_HARDENED_RUNTIME = YES;
				ENABLE_PREVIEWS = YES;
				GENERATE_INFOPLIST_FILE = YES;
				INFOPLIST_KEY_NSHumanReadableCopyright = "";
				LD_RUNPATH_SEARCH_PATHS = (
					"$(inherited)",
					"@executable_path/../Frameworks",
				);
				MACOSX_DEPLOYMENT_TARGET = 11.0;
				MARKETING_VERSION = 1.0;
				PRODUCT_BUNDLE_IDENTIFIER = net.tibatec.Schallplatte;
				PRODUCT_NAME = Schallplatte;
				SDKROOT = macosx;
				SWIFT_EMIT_LOC_STRINGS = YES;
				SWIFT_VERSION = 5.0;
			};
			name = Debug;
		};
		3A9F12C326FF5A1600AAE303 /* Release */ = {
			isa = XCBuildConfiguration;
			buildSettings = {
				ASSETCATALOG_COMPILER_APPICON_NAME = AppIcon;
				ASSETCATALOG_COMPILER_GLOBAL_ACCENT_COLOR_NAME = AccentColor;
				CODE_SIGN_ENTITLEMENTS = macOS/macOS.entitlements;
				CODE_SIGN_STYLE = Automatic;
				COMBINE_HIDPI_IMAGES = YES;
				CURRENT_PROJECT_VERSION = 1;
				DEVELOPMENT_TEAM = KFBD39X553;
				ENABLE_HARDENED_RUNTIME = YES;
				ENABLE_PREVIEWS = YES;
				GENERATE_INFOPLIST_FILE = YES;
				INFOPLIST_KEY_NSHumanReadableCopyright = "";
				LD_RUNPATH_SEARCH_PATHS = (
					"$(inherited)",
					"@executable_path/../Frameworks",
				);
				MACOSX_DEPLOYMENT_TARGET = 11.0;
				MARKETING_VERSION = 1.0;
				PRODUCT_BUNDLE_IDENTIFIER = net.tibatec.Schallplatte;
				PRODUCT_NAME = Schallplatte;
				SDKROOT = macosx;
				SWIFT_EMIT_LOC_STRINGS = YES;
				SWIFT_VERSION = 5.0;
			};
			name = Release;
		};
/* End XCBuildConfiguration section */

/* Begin XCConfigurationList section */
		3A9F12A426FF5A1500AAE303 /* Build configuration list for PBXProject "Schallplatte" */ = {
			isa = XCConfigurationList;
			buildConfigurations = (
				3A9F12BC26FF5A1600AAE303 /* Debug */,
				3A9F12BD26FF5A1600AAE303 /* Release */,
			);
			defaultConfigurationIsVisible = 0;
			defaultConfigurationName = Release;
		};
		3A9F12BE26FF5A1600AAE303 /* Build configuration list for PBXNativeTarget "Schallplatte (iOS)" */ = {
			isa = XCConfigurationList;
			buildConfigurations = (
				3A9F12BF26FF5A1600AAE303 /* Debug */,
				3A9F12C026FF5A1600AAE303 /* Release */,
			);
			defaultConfigurationIsVisible = 0;
			defaultConfigurationName = Release;
		};
		3A9F12C126FF5A1600AAE303 /* Build configuration list for PBXNativeTarget "Schallplatte (macOS)" */ = {
			isa = XCConfigurationList;
			buildConfigurations = (
				3A9F12C226FF5A1600AAE303 /* Debug */,
				3A9F12C326FF5A1600AAE303 /* Release */,
			);
			defaultConfigurationIsVisible = 0;
			defaultConfigurationName = Release;
		};
/* End XCConfigurationList section */
	};
	rootObject = 3A9F12A126FF5A1500AAE303 /* Project object */;
}
